
Microsoft Visual Studio Solution File, Format Version 12.00
# Visual Studio Version 16
VisualStudioVersion = 16.0.30711.63
MinimumVisualStudioVersion = 10.0.40219.1
Project("{FAE04EC0-301F-11D3-BF4B-00C04F79EFBC}") = "ConsoleCalculator", "ConsoleCalculator\ConsoleCalculator.csproj", "{A44A6720-0FE2-43C0-89E2-C680B4219259}"
EndProject
Project("{FAE04EC0-301F-11D3-BF4B-00C04F79EFBC}") = "ConsoleCalculator.Test.MSTest", "ConsoleCalculator.Test.MSTest\ConsoleCalculator.Test.MSTest.csproj", "{CEC9B94F-35FC-4BCD-B874-2554C6FE728B}"
EndProject
Project("{FAE04EC0-301F-11D3-BF4B-00C04F79EFBC}") = "ConsoleCalculator.Test.Nunit", "ConsoleCalculator.Test.Nunit\ConsoleCalculator.Test.Nunit.csproj", "{CC8523D9-A1F6-4D50-AEA8-B0D84E164846}"
EndProject
Global
	GlobalSection(SolutionConfigurationPlatforms) = preSolution
		Debug|Any CPU = Debug|Any CPU
		Release|Any CPU = Release|Any CPU
	EndGlobalSection
	GlobalSection(ProjectConfigurationPlatforms) = postSolution
		{A44A6720-0FE2-43C0-89E2-C680B4219259}.Debug|Any CPU.ActiveCfg = Debug|Any CPU
		{A44A6720-0FE2-43C0-89E2-C680B4219259}.Debug|Any CPU.Build.0 = Debug|Any CPU
		{A44A6720-0FE2-43C0-89E2-C680B4219259}.Release|Any CPU.ActiveCfg = Release|Any CPU
		{A44A6720-0FE2-43C0-89E2-C680B4219259}.Release|Any CPU.Build.0 = Release|Any CPU
		{CEC9B94F-35FC-4BCD-B874-2554C6FE728B}.Debug|Any CPU.ActiveCfg = Debug|Any CPU
		{CEC9B94F-35FC-4BCD-B874-2554C6FE728B}.Debug|Any CPU.Build.0 = Debug|Any CPU
		{CEC9B94F-35FC-4BCD-B874-2554C6FE728B}.Release|Any CPU.ActiveCfg = Release|Any CPU
		{CEC9B94F-35FC-4BCD-B874-2554C6FE728B}.Release|Any CPU.Build.0 = Release|Any CPU
		{CC8523D9-A1F6-4D50-AEA8-B0D84E164846}.Debug|Any CPU.ActiveCfg = Debug|Any CPU
		{CC8523D9-A1F6-4D50-AEA8-B0D84E164846}.Debug|Any CPU.Build.0 = Debug|Any CPU
		{CC8523D9-A1F6-4D50-AEA8-B0D84E164846}.Release|Any CPU.ActiveCfg = Release|Any CPU
		{CC8523D9-A1F6-4D50-AEA8-B0D84E164846}.Release|Any CPU.Build.0 = Release|Any CPU
	EndGlobalSection
	GlobalSection(SolutionProperties) = preSolution
		HideSolutionNode = FALSE
	EndGlobalSection
	GlobalSection(ExtensibilityGlobals) = postSolution
		SolutionGuid = {B40B0239-7C52-4814-8C90-7E0A72E31D06}
	EndGlobalSection
EndGlobal
