
Microsoft Visual Studio Solution File, Format Version 12.00
# Visual Studio Version 16
VisualStudioVersion = 16.0.30621.155
MinimumVisualStudioVersion = 10.0.40219.1
Project("{FAE04EC0-301F-11D3-BF4B-00C04F79EFBC}") = "Gradebook", "Gradebook\Gradebook.csproj", "{FF16D015-B047-4347-BA3B-B230BADAD146}"
EndProject
Global
	GlobalSection(SolutionConfigurationPlatforms) = preSolution
		Debug|Any CPU = Debug|Any CPU
		Release|Any CPU = Release|Any CPU
	EndGlobalSection
	GlobalSection(ProjectConfigurationPlatforms) = postSolution
		{FF16D015-B047-4347-BA3B-B230BADAD146}.Debug|Any CPU.ActiveCfg = Debug|Any CPU
		{FF16D015-B047-4347-BA3B-B230BADAD146}.Debug|Any CPU.Build.0 = Debug|Any CPU
		{FF16D015-B047-4347-BA3B-B230BADAD146}.Release|Any CPU.ActiveCfg = Release|Any CPU
		{FF16D015-B047-4347-BA3B-B230BADAD146}.Release|Any CPU.Build.0 = Release|Any CPU
	EndGlobalSection
	GlobalSection(SolutionProperties) = preSolution
		HideSolutionNode = FALSE
	EndGlobalSection
	GlobalSection(ExtensibilityGlobals) = postSolution
		SolutionGuid = {EDFFCA61-694A-4898-825B-2EDA5A430F99}
	EndGlobalSection
EndGlobal
