
Microsoft Visual Studio Solution File, Format Version 12.00
# Visual Studio Version 16
VisualStudioVersion = 16.0.30621.155
MinimumVisualStudioVersion = 10.0.40219.1
Project("{FAE04EC0-301F-11D3-BF4B-00C04F79EFBC}") = "RegularDemostration", "RegularDemostration\RegularDemostration.csproj", "{CBD5E38F-D8D3-42AC-8F69-1A82D15A50DA}"
EndProject
Global
	GlobalSection(SolutionConfigurationPlatforms) = preSolution
		Debug|Any CPU = Debug|Any CPU
		Release|Any CPU = Release|Any CPU
	EndGlobalSection
	GlobalSection(ProjectConfigurationPlatforms) = postSolution
		{CBD5E38F-D8D3-42AC-8F69-1A82D15A50DA}.Debug|Any CPU.ActiveCfg = Debug|Any CPU
		{CBD5E38F-D8D3-42AC-8F69-1A82D15A50DA}.Debug|Any CPU.Build.0 = Debug|Any CPU
		{CBD5E38F-D8D3-42AC-8F69-1A82D15A50DA}.Release|Any CPU.ActiveCfg = Release|Any CPU
		{CBD5E38F-D8D3-42AC-8F69-1A82D15A50DA}.Release|Any CPU.Build.0 = Release|Any CPU
	EndGlobalSection
	GlobalSection(SolutionProperties) = preSolution
		HideSolutionNode = FALSE
	EndGlobalSection
	GlobalSection(ExtensibilityGlobals) = postSolution
		SolutionGuid = {E497AD5F-6304-42AD-A7A6-63B441688FF9}
	EndGlobalSection
EndGlobal
