
Microsoft Visual Studio Solution File, Format Version 12.00
# Visual Studio Version 16
VisualStudioVersion = 16.0.30621.155
MinimumVisualStudioVersion = 10.0.40219.1
Project("{FAE04EC0-301F-11D3-BF4B-00C04F79EFBC}") = "CreditCardMask", "CreditCardMask\CreditCardMask.csproj", "{6567886B-4C0C-4345-BD1A-40A3A96570EC}"
EndProject
Global
	GlobalSection(SolutionConfigurationPlatforms) = preSolution
		Debug|Any CPU = Debug|Any CPU
		Release|Any CPU = Release|Any CPU
	EndGlobalSection
	GlobalSection(ProjectConfigurationPlatforms) = postSolution
		{6567886B-4C0C-4345-BD1A-40A3A96570EC}.Debug|Any CPU.ActiveCfg = Debug|Any CPU
		{6567886B-4C0C-4345-BD1A-40A3A96570EC}.Debug|Any CPU.Build.0 = Debug|Any CPU
		{6567886B-4C0C-4345-BD1A-40A3A96570EC}.Release|Any CPU.ActiveCfg = Release|Any CPU
		{6567886B-4C0C-4345-BD1A-40A3A96570EC}.Release|Any CPU.Build.0 = Release|Any CPU
	EndGlobalSection
	GlobalSection(SolutionProperties) = preSolution
		HideSolutionNode = FALSE
	EndGlobalSection
	GlobalSection(ExtensibilityGlobals) = postSolution
		SolutionGuid = {54E74C5E-9B97-4D23-BA00-F14C3DC8CF18}
	EndGlobalSection
EndGlobal
